
Microsoft Visual Studio Solution File, Format Version 12.00
# Visual Studio Version 17
VisualStudioVersion = 17.14.36203.30
MinimumVisualStudioVersion = 10.0.40219.1
Project("{FAE04EC0-301F-11D3-BF4B-00C04F79EFBC}") = "MyExpenseTracker", "MyExpenseTracker.csproj", "{2F6D3611-BF5C-4E1A-AC1A-9CAFC168381A}"
EndProject
Project("{54435603-DBB4-11D2-8724-00A0C9A8B90C}") = "Expense Tracker", "..\Expense Tracker\Expense Tracker.vdproj", "{7C847FDD-1FA4-9DEF-7E61-D857A90695EE}"
EndProject
Global
	GlobalSection(SolutionConfigurationPlatforms) = preSolution
		Debug|Any CPU = Debug|Any CPU
		Release|Any CPU = Release|Any CPU
	EndGlobalSection
	GlobalSection(ProjectConfigurationPlatforms) = postSolution
		{2F6D3611-BF5C-4E1A-AC1A-9CAFC168381A}.Debug|Any CPU.ActiveCfg = Debug|Any CPU
		{2F6D3611-BF5C-4E1A-AC1A-9CAFC168381A}.Debug|Any CPU.Build.0 = Debug|Any CPU
		{2F6D3611-BF5C-4E1A-AC1A-9CAFC168381A}.Release|Any CPU.ActiveCfg = Release|Any CPU
		{2F6D3611-BF5C-4E1A-AC1A-9CAFC168381A}.Release|Any CPU.Build.0 = Release|Any CPU
		{7C847FDD-1FA4-9DEF-7E61-D857A90695EE}.Debug|Any CPU.ActiveCfg = Debug
		{7C847FDD-1FA4-9DEF-7E61-D857A90695EE}.Release|Any CPU.ActiveCfg = Release
	EndGlobalSection
	GlobalSection(SolutionProperties) = preSolution
		HideSolutionNode = FALSE
	EndGlobalSection
	GlobalSection(ExtensibilityGlobals) = postSolution
		SolutionGuid = {3FD59A06-C040-4A21-8D84-F3CEAD7C15F2}
	EndGlobalSection
EndGlobal
